
Microsoft Visual Studio Solution File, Format Version 12.00
# Visual Studio Version 17
VisualStudioVersion = 17.14.36518.9 d17.14
MinimumVisualStudioVersion = 10.0.40219.1
Project("{FAE04EC0-301F-11D3-BF4B-00C04F79EFBC}") = "Clean", "Clean\Clean.csproj", "{FBA78DA0-F177-45FA-B873-0C85D248E3D7}"
EndProject
Global
	GlobalSection(SolutionConfigurationPlatforms) = preSolution
		Debug|Any CPU = Debug|Any CPU
		Release|Any CPU = Release|Any CPU
	EndGlobalSection
	GlobalSection(ProjectConfigurationPlatforms) = postSolution
		{FBA78DA0-F177-45FA-B873-0C85D248E3D7}.Debug|Any CPU.ActiveCfg = Debug|Any CPU
		{FBA78DA0-F177-45FA-B873-0C85D248E3D7}.Debug|Any CPU.Build.0 = Debug|Any CPU
		{FBA78DA0-F177-45FA-B873-0C85D248E3D7}.Release|Any CPU.ActiveCfg = Release|Any CPU
		{FBA78DA0-F177-45FA-B873-0C85D248E3D7}.Release|Any CPU.Build.0 = Release|Any CPU
	EndGlobalSection
	GlobalSection(SolutionProperties) = preSolution
		HideSolutionNode = FALSE
	EndGlobalSection
	GlobalSection(ExtensibilityGlobals) = postSolution
		SolutionGuid = {1585D414-E801-44E1-9E81-5A63D4B54DA9}
	EndGlobalSection
EndGlobal
